<?xml version="1.0" encoding="utf-8"?>
<Project ToolsVersion="4.0" xmlns="http://schemas.microsoft.com/developer/msbuild/2003">
  <ItemGroup>
    <Filter Include="Source Files">
      <UniqueIdentifier>{4FC737F1-C7A5-4376-A066-2A32D752A2FF}</UniqueIdentifier>
      <Extensions>cpp;c;cc;cxx;def;odl;idl;hpj;bat;asm;asmx</Extensions>
    </Filter>
    <Filter Include="Header Files">
      <UniqueIdentifier>{93995380-89BD-4b04-88EB-625FBE52EBFB}</UniqueIdentifier>
      <Extensions>h;hpp;hxx;hm;inl;inc;xsd</Extensions>
    </Filter>
    <Filter Include="Resource Files">
      <UniqueIdentifier>{67DA6AB6-F800-4c08-8B7A-83BB121AAD01}</UniqueIdentifier>
      <Extensions>rc;ico;cur;bmp;dlg;rc2;rct;bin;rgs;gif;jpg;jpeg;jpe;resx;tiff;tif;png;wav;mfcribbon-ms</Extensions>
    </Filter>
  </ItemGroup>
  <ItemGroup>
    <None Include=".gitignore" />
    <None Include="build.ps1" />
  </ItemGroup>
  <ItemGroup>
    <ClCompile Include="src\core.cpp">
      <Filter>Source Files</Filter>
    </ClCompile>
    <ClCompile Include="src\main.cpp">
      <Filter>Source Files</Filter>
    </ClCompile>
    <ClCompile Include="src\util.cpp">
      <Filter>Source Files</Filter>
    </ClCompile>
    <ClCompile Include="src\terrain\terrain.cpp">
      <Filter>Source Files</Filter>
    </ClCompile>
    <ClCompile Include="src\terrain\TerrainManager.cpp">
      <Filter>Source Files</Filter>
    </ClCompile>
    <ClCompile Include="src\menu\Menu.cpp">
      <Filter>Source Files</Filter>
    </ClCompile>
    <ClCompile Include="src\menu\TitleMenu.cpp">
      <Filter>Source Files</Filter>
    </ClCompile>
    <ClCompile Include="src\menu\Game.cpp">
      <Filter>Source Files</Filter>
    </ClCompile>
    <ClCompile Include="src\terrain\Map.cpp">
      <Filter>Source Files</Filter>
    </ClCompile>
    <ClCompile Include="src\engine\PathWorker.cpp">
      <Filter>Source Files</Filter>
    </ClCompile>
    <ClCompile Include="src\menu\Depot.cpp">
      <Filter>Source Files</Filter>
    </ClCompile>
    <ClCompile Include="src\vehicles\train.cpp">
      <Filter>Source Files</Filter>
    </ClCompile>
    <ClCompile Include="src\ui\UIManager.cpp">
      <Filter>Source Files</Filter>
    </ClCompile>
    <ClCompile Include="src\engine\LookAtCamera.cpp">
      <Filter>Source Files</Filter>
    </ClCompile>
    <ClCompile Include="src\engine\ThirdPersonCamera.cpp">
      <Filter>Source Files</Filter>
    </ClCompile>
    <ClCompile Include="src\print.cpp">
      <Filter>Source Files</Filter>
    </ClCompile>
    <ClCompile Include="src\terrain\track\TrackPieceQuarterCircle2x2.cpp">
      <Filter>Source Files</Filter>
    </ClCompile>
    <ClCompile Include="src\terrain\track\TrackPieceStraight1x1.cpp">
      <Filter>Source Files</Filter>
    </ClCompile>
    <ClCompile Include="src\terrain\scenery\RCT2Tree1.cpp">
      <Filter>Source Files</Filter>
    </ClCompile>
    <ClCompile Include="src\terrain\tgp.cpp">
      <Filter>Source Files</Filter>
    </ClCompile>
    <ClCompile Include="src\terrain\track\FlexTrack.cpp">
      <Filter>Source Files</Filter>
    </ClCompile>
    <ClCompile Include="src\inih\ini.c">
      <Filter>Source Files</Filter>
    </ClCompile>
    <ClCompile Include="src\inih\INIReader.cpp">
      <Filter>Source Files</Filter>
    </ClCompile>
    <ClCompile Include="src\terrain\managers\SfxManager.cpp">
      <Filter>Source Files</Filter>
    </ClCompile>
  </ItemGroup>
  <ItemGroup>
    <ClInclude Include="src\util.h">
      <Filter>Header Files</Filter>
    </ClInclude>
    <ClInclude Include="src\core.h">
      <Filter>Header Files</Filter>
    </ClInclude>
    <ClInclude Include="src\terrain\terrain.h">
      <Filter>Header Files</Filter>
    </ClInclude>
    <ClInclude Include="src\menu\Menu.h">
      <Filter>Header Files</Filter>
    </ClInclude>
    <ClInclude Include="src\menu\TitleMenu.h">
      <Filter>Header Files</Filter>
    </ClInclude>
    <ClInclude Include="src\menu\Game.h">
      <Filter>Header Files</Filter>
    </ClInclude>
    <ClInclude Include="src\terrain\TerrainManager.h">
      <Filter>Header Files</Filter>
    </ClInclude>
    <ClInclude Include="src\terrain\Map.h">
      <Filter>Header Files</Filter>
    </ClInclude>
    <ClInclude Include="src\engine\PathWorker.h">
      <Filter>Header Files</Filter>
    </ClInclude>
    <ClInclude Include="src\menu\Depot.h">
      <Filter>Header Files</Filter>
    </ClInclude>
    <ClInclude Include="src\vehicles\train.h">
      <Filter>Header Files</Filter>
    </ClInclude>
    <ClInclude Include="src\ui\UIManager.h">
      <Filter>Header Files</Filter>
    </ClInclude>
    <ClInclude Include="src\ui\UISlice.h">
      <Filter>Header Files</Filter>
    </ClInclude>
    <ClInclude Include="src\engine\Camera.h">
      <Filter>Header Files</Filter>
    </ClInclude>
    <ClInclude Include="src\engine\LookAtCamera.h">
      <Filter>Header Files</Filter>
    </ClInclude>
    <ClInclude Include="src\engine\ThirdPersonCamera.h">
      <Filter>Header Files</Filter>
    </ClInclude>
    <ClInclude Include="src\print.h">
      <Filter>Header Files</Filter>
    </ClInclude>
    <ClInclude Include="src\engine\Quaternion.h">
      <Filter>Header Files</Filter>
    </ClInclude>
    <ClInclude Include="src\terrain\track\TrackPiece.h">
      <Filter>Header Files</Filter>
    </ClInclude>
    <ClInclude Include="src\terrain\track\TrackPieceQuarterCircle2x2.h">
      <Filter>Header Files</Filter>
    </ClInclude>
    <ClInclude Include="src\terrain\track\TrackPieceStraight1x1.h">
      <Filter>Header Files</Filter>
    </ClInclude>
    <ClInclude Include="src\menu\SimpleMenu.h">
      <Filter>Header Files</Filter>
    </ClInclude>
    <ClInclude Include="src\terrain\scenery\SceneryObject.h">
      <Filter>Header Files</Filter>
    </ClInclude>
    <ClInclude Include="src\terrain\scenery\BillboardSceneryObject.h">
      <Filter>Header Files</Filter>
    </ClInclude>
    <ClInclude Include="src\terrain\scenery\RCT2Tree1.h">
      <Filter>Header Files</Filter>
    </ClInclude>
    <ClInclude Include="src\terrain\tgp.h">
      <Filter>Header Files</Filter>
    </ClInclude>
    <ClInclude Include="src\terrain\track\FlexTrack.h">
      <Filter>Header Files</Filter>
    </ClInclude>
    <ClInclude Include="src\inih\ini.h">
      <Filter>Header Files</Filter>
    </ClInclude>
    <ClInclude Include="src\inih\INIReader.h">
      <Filter>Header Files</Filter>
    </ClInclude>
    <ClInclude Include="src\terrain\managers\TextureManager.h">
      <Filter>Header Files</Filter>
    </ClInclude>
    <ClInclude Include="src\terrain\managers\SfxManager.h">
      <Filter>Header Files</Filter>
    </ClInclude>
    <ClInclude Include="src\terrain\managers\ParticleManager.h">
      <Filter>Header Files</Filter>
    </ClInclude>
    <ClInclude Include="src\terrain\managers\Sfx.h">
      <Filter>Header Files</Filter>
    </ClInclude>
    <ClInclude Include="src\terrain\managers\SeqArcSfx.h">
      <Filter>Header Files</Filter>
    </ClInclude>
  </ItemGroup>
</Project>