<?xml version="1.0" encoding="utf-8"?>
<Project ToolsVersion="4.0" xmlns="http://schemas.microsoft.com/developer/msbuild/2003">
  <ItemGroup>
    <Filter Include="Source Files">
      <UniqueIdentifier>{4FC737F1-C7A5-4376-A066-2A32D752A2FF}</UniqueIdentifier>
      <Extensions>cpp;c;cc;cxx;def;odl;idl;hpj;bat;asm;asmx</Extensions>
    </Filter>
    <Filter Include="Header Files">
      <UniqueIdentifier>{93995380-89BD-4b04-88EB-625FBE52EBFB}</UniqueIdentifier>
      <Extensions>h;hpp;hxx;hm;inl;inc;xsd</Extensions>
    </Filter>
    <Filter Include="Resource Files">
      <UniqueIdentifier>{67DA6AB6-F800-4c08-8B7A-83BB121AAD01}</UniqueIdentifier>
      <Extensions>rc;ico;cur;bmp;dlg;rc2;rct;bin;rgs;gif;jpg;jpeg;jpe;resx;tiff;tif;png;wav;mfcribbon-ms</Extensions>
    </Filter>
  </ItemGroup>
  <ItemGroup>
    <None Include=".gitignore" />
    <None Include="build.ps1" />
    <None Include="src\terrain\map_asm.s" />
    <None Include="src\terrain\map_asm.renderingitcm.s" />
    <None Include="src\videoplayer\yuv2rgb_new.videoplayeritcm.s" />
  </ItemGroup>
  <ItemGroup>
    <ClCompile Include="src\core.cpp">
      <Filter>Source Files</Filter>
    </ClCompile>
    <ClCompile Include="src\main.cpp">
      <Filter>Source Files</Filter>
    </ClCompile>
    <ClCompile Include="src\util.cpp">
      <Filter>Source Files</Filter>
    </ClCompile>
    <ClCompile Include="src\terrain\TerrainManager.cpp">
      <Filter>Source Files</Filter>
    </ClCompile>
    <ClCompile Include="src\menu\Menu.cpp">
      <Filter>Source Files</Filter>
    </ClCompile>
    <ClCompile Include="src\menu\Game.cpp">
      <Filter>Source Files</Filter>
    </ClCompile>
    <ClCompile Include="src\terrain\Map.cpp">
      <Filter>Source Files</Filter>
    </ClCompile>
    <ClCompile Include="src\engine\PathWorker.cpp">
      <Filter>Source Files</Filter>
    </ClCompile>
    <ClCompile Include="src\menu\Depot.cpp">
      <Filter>Source Files</Filter>
    </ClCompile>
    <ClCompile Include="src\ui\UIManager.cpp">
      <Filter>Source Files</Filter>
    </ClCompile>
    <ClCompile Include="src\print.cpp">
      <Filter>Source Files</Filter>
    </ClCompile>
    <ClCompile Include="src\terrain\scenery\RCT2Tree1.cpp">
      <Filter>Source Files</Filter>
    </ClCompile>
    <ClCompile Include="src\terrain\track\FlexTrack.cpp">
      <Filter>Source Files</Filter>
    </ClCompile>
    <ClCompile Include="src\inih\ini.c">
      <Filter>Source Files</Filter>
    </ClCompile>
    <ClCompile Include="src\inih\INIReader.cpp">
      <Filter>Source Files</Filter>
    </ClCompile>
    <ClCompile Include="src\terrain\managers\SfxManager.cpp">
      <Filter>Source Files</Filter>
    </ClCompile>
    <ClCompile Include="src\tools\DragTool.cpp">
      <Filter>Source Files</Filter>
    </ClCompile>
    <ClCompile Include="src\tools\AddTrackTool.cpp">
      <Filter>Source Files</Filter>
    </ClCompile>
    <ClCompile Include="src\menu\VideoPlayer.cpp">
      <Filter>Source Files</Filter>
    </ClCompile>
    <ClCompile Include="src\videoplayer\Vx2Tables.cpp">
      <Filter>Source Files</Filter>
    </ClCompile>
    <ClCompile Include="src\terrain\Map.renderingitcm.cpp">
      <Filter>Source Files</Filter>
    </ClCompile>
    <ClCompile Include="src\videoplayer\DecodeARMv5Stride256VXS2.videoplayeritcm.cpp">
      <Filter>Source Files</Filter>
    </ClCompile>
    <ClCompile Include="src\menu\VideoPlayer.videoplayeritcm.cpp">
      <Filter>Source Files</Filter>
    </ClCompile>
    <ClCompile Include="src\terrain\managers\TerrainTextureManager16.cpp">
      <Filter>Source Files</Filter>
    </ClCompile>
    <ClCompile Include="src\terrain\managers\TerrainTextureManager16.renderingitcm.cpp">
      <Filter>Source Files</Filter>
    </ClCompile>
    <ClCompile Include="src\terrain\managers\TerrainTextureManager8.cpp">
      <Filter>Source Files</Filter>
    </ClCompile>
    <ClCompile Include="src\terrain\managers\TerrainTextureManager8.renderingitcm.cpp">
      <Filter>Source Files</Filter>
    </ClCompile>
    <ClCompile Include="src\vehicles\Wagon.cpp">
      <Filter>Source Files</Filter>
    </ClCompile>
    <ClCompile Include="src\terrain\GameController.cpp">
      <Filter>Source Files</Filter>
    </ClCompile>
    <ClCompile Include="src\engine\TitleSequence.cpp">
      <Filter>Source Files</Filter>
    </ClCompile>
    <ClCompile Include="src\engine\TitleSequencePlayer.cpp">
      <Filter>Source Files</Filter>
    </ClCompile>
    <ClCompile Include="src\engine\Hemisphere.cpp">
      <Filter>Source Files</Filter>
    </ClCompile>
    <ClCompile Include="src\terrain\track\FlexTrack.renderingitcm.cpp">
      <Filter>Source Files</Filter>
    </ClCompile>
    <ClCompile Include="src\menu\TitleMenu.cpp">
      <Filter>Source Files</Filter>
    </ClCompile>
    <ClCompile Include="src\menu\MultibootMenu.cpp">
      <Filter>Source Files</Filter>
    </ClCompile>
    <ClCompile Include="src\mb\mbp.c">
      <Filter>Source Files</Filter>
    </ClCompile>
    <ClCompile Include="src\mb\wfs_common.c">
      <Filter>Source Files</Filter>
    </ClCompile>
    <ClCompile Include="src\mb\wh.c">
      <Filter>Source Files</Filter>
    </ClCompile>
    <ClCompile Include="src\tools\PointerTool.cpp">
      <Filter>Source Files</Filter>
    </ClCompile>
    <ClCompile Include="src\io\TerrainData.cpp">
      <Filter>Source Files</Filter>
    </ClCompile>
    <ClCompile Include="src\engine\objects\Water.cpp">
      <Filter>Source Files</Filter>
    </ClCompile>
    <ClCompile Include="src\io\ObjectData.cpp">
      <Filter>Source Files</Filter>
    </ClCompile>
    <ClCompile Include="src\terrain\scenery\SimpleSceneryObject.cpp">
      <Filter>Source Files</Filter>
    </ClCompile>
    <ClCompile Include="src\engine\QuadTree.renderingitcm.cpp">
      <Filter>Source Files</Filter>
    </ClCompile>
    <ClCompile Include="src\engine\cameras\FreeRoamCamera.cpp">
      <Filter>Source Files</Filter>
    </ClCompile>
    <ClCompile Include="src\engine\cameras\LookAtCamera.cpp">
      <Filter>Source Files</Filter>
    </ClCompile>
    <ClCompile Include="src\engine\cameras\VehicleCamera.cpp">
      <Filter>Source Files</Filter>
    </ClCompile>
    <ClCompile Include="src\terrain\track\TrackVertex.cpp">
      <Filter>Source Files</Filter>
    </ClCompile>
    <ClCompile Include="src\engine\controllers\TOTDController.cpp">
      <Filter>Source Files</Filter>
    </ClCompile>
    <ClCompile Include="src\menu\PCConnectMenu.cpp">
      <Filter>Source Files</Filter>
    </ClCompile>
  </ItemGroup>
  <ItemGroup>
    <ClInclude Include="src\util.h">
      <Filter>Header Files</Filter>
    </ClInclude>
    <ClInclude Include="src\core.h">
      <Filter>Header Files</Filter>
    </ClInclude>
    <ClInclude Include="src\menu\Menu.h">
      <Filter>Header Files</Filter>
    </ClInclude>
    <ClInclude Include="src\menu\Game.h">
      <Filter>Header Files</Filter>
    </ClInclude>
    <ClInclude Include="src\terrain\TerrainManager.h">
      <Filter>Header Files</Filter>
    </ClInclude>
    <ClInclude Include="src\terrain\Map.h">
      <Filter>Header Files</Filter>
    </ClInclude>
    <ClInclude Include="src\engine\PathWorker.h">
      <Filter>Header Files</Filter>
    </ClInclude>
    <ClInclude Include="src\menu\Depot.h">
      <Filter>Header Files</Filter>
    </ClInclude>
    <ClInclude Include="src\ui\UIManager.h">
      <Filter>Header Files</Filter>
    </ClInclude>
    <ClInclude Include="src\print.h">
      <Filter>Header Files</Filter>
    </ClInclude>
    <ClInclude Include="src\engine\Quaternion.h">
      <Filter>Header Files</Filter>
    </ClInclude>
    <ClInclude Include="src\menu\SimpleMenu.h">
      <Filter>Header Files</Filter>
    </ClInclude>
    <ClInclude Include="src\terrain\scenery\SceneryObject.h">
      <Filter>Header Files</Filter>
    </ClInclude>
    <ClInclude Include="src\terrain\scenery\BillboardSceneryObject.h">
      <Filter>Header Files</Filter>
    </ClInclude>
    <ClInclude Include="src\terrain\scenery\RCT2Tree1.h">
      <Filter>Header Files</Filter>
    </ClInclude>
    <ClInclude Include="src\terrain\track\FlexTrack.h">
      <Filter>Header Files</Filter>
    </ClInclude>
    <ClInclude Include="src\inih\ini.h">
      <Filter>Header Files</Filter>
    </ClInclude>
    <ClInclude Include="src\inih\INIReader.h">
      <Filter>Header Files</Filter>
    </ClInclude>
    <ClInclude Include="src\terrain\managers\TextureManager.h">
      <Filter>Header Files</Filter>
    </ClInclude>
    <ClInclude Include="src\terrain\managers\SfxManager.h">
      <Filter>Header Files</Filter>
    </ClInclude>
    <ClInclude Include="src\terrain\managers\ParticleManager.h">
      <Filter>Header Files</Filter>
    </ClInclude>
    <ClInclude Include="src\terrain\managers\Sfx.h">
      <Filter>Header Files</Filter>
    </ClInclude>
    <ClInclude Include="src\terrain\managers\SeqArcSfx.h">
      <Filter>Header Files</Filter>
    </ClInclude>
    <ClInclude Include="src\tools\Tool.h">
      <Filter>Header Files</Filter>
    </ClInclude>
    <ClInclude Include="src\tools\DragTool.h">
      <Filter>Header Files</Filter>
    </ClInclude>
    <ClInclude Include="src\tools\AddTrackTool.h">
      <Filter>Header Files</Filter>
    </ClInclude>
    <ClInclude Include="src\terrain\track\TrackPieceEx.h">
      <Filter>Header Files</Filter>
    </ClInclude>
    <ClInclude Include="src\menu\VideoPlayer.h">
      <Filter>Header Files</Filter>
    </ClInclude>
    <ClInclude Include="src\videoplayer\DecodeARMv5Stride256VXS2.h">
      <Filter>Header Files</Filter>
    </ClInclude>
    <ClInclude Include="src\videoplayer\Vx2Tables.h">
      <Filter>Header Files</Filter>
    </ClInclude>
    <ClInclude Include="src\videoplayer\yuv2rgb_new.h">
      <Filter>Header Files</Filter>
    </ClInclude>
    <ClInclude Include="src\terrain\managers\TerrainTextureManager16.h">
      <Filter>Header Files</Filter>
    </ClInclude>
    <ClInclude Include="src\terrain\managers\TerrainTextureManager.h">
      <Filter>Header Files</Filter>
    </ClInclude>
    <ClInclude Include="src\terrain\managers\TerrainTextureManager8.h">
      <Filter>Header Files</Filter>
    </ClInclude>
    <ClInclude Include="src\vehicles\Vehicle.h">
      <Filter>Header Files</Filter>
    </ClInclude>
    <ClInclude Include="src\vehicles\Wagon.h">
      <Filter>Header Files</Filter>
    </ClInclude>
    <ClInclude Include="src\terrain\GameController.h">
      <Filter>Header Files</Filter>
    </ClInclude>
    <ClInclude Include="src\core\os\VAlarm.h">
      <Filter>Header Files</Filter>
    </ClInclude>
    <ClInclude Include="src\engine\TitleSequencePlayer.h">
      <Filter>Header Files</Filter>
    </ClInclude>
    <ClInclude Include="src\engine\TitleSequence.h">
      <Filter>Header Files</Filter>
    </ClInclude>
    <ClInclude Include="src\engine\Hemisphere.h">
      <Filter>Header Files</Filter>
    </ClInclude>
    <ClInclude Include="src\menu\TitleMenu.h">
      <Filter>Header Files</Filter>
    </ClInclude>
    <ClInclude Include="src\menu\MultibootMenu.h">
      <Filter>Header Files</Filter>
    </ClInclude>
    <ClInclude Include="src\mb\mbp.h">
      <Filter>Header Files</Filter>
    </ClInclude>
    <ClInclude Include="src\mb\wfs.h">
      <Filter>Header Files</Filter>
    </ClInclude>
    <ClInclude Include="src\mb\wh.h">
      <Filter>Header Files</Filter>
    </ClInclude>
    <ClInclude Include="src\mb\wh_config.h">
      <Filter>Header Files</Filter>
    </ClInclude>
    <ClInclude Include="src\ui\components\UIComponent.h">
      <Filter>Header Files</Filter>
    </ClInclude>
    <ClInclude Include="src\ui\components\Button.h">
      <Filter>Header Files</Filter>
    </ClInclude>
    <ClInclude Include="src\tools\PointerTool.h">
      <Filter>Header Files</Filter>
    </ClInclude>
    <ClInclude Include="src\io\TerrainData.h">
      <Filter>Header Files</Filter>
    </ClInclude>
    <ClInclude Include="src\box2d.h">
      <Filter>Header Files</Filter>
    </ClInclude>
    <ClInclude Include="src\engine\objects\WorldObject.h">
      <Filter>Header Files</Filter>
    </ClInclude>
    <ClInclude Include="src\engine\objects\Water.h">
      <Filter>Header Files</Filter>
    </ClInclude>
    <ClInclude Include="src\io\ObjectData.h">
      <Filter>Header Files</Filter>
    </ClInclude>
    <ClInclude Include="src\terrain\scenery\SimpleSceneryObject.h">
      <Filter>Header Files</Filter>
    </ClInclude>
    <ClInclude Include="src\engine\QuadTree.h">
      <Filter>Header Files</Filter>
    </ClInclude>
    <ClInclude Include="src\engine\cameras\FreeRoamCamera.h">
      <Filter>Header Files</Filter>
    </ClInclude>
    <ClInclude Include="src\engine\cameras\LookAtCamera.h">
      <Filter>Header Files</Filter>
    </ClInclude>
    <ClInclude Include="src\engine\cameras\Camera.h">
      <Filter>Header Files</Filter>
    </ClInclude>
    <ClInclude Include="src\engine\cameras\VehicleCamera.h">
      <Filter>Header Files</Filter>
    </ClInclude>
    <ClInclude Include="src\terrain\track\TrackVertex.h">
      <Filter>Header Files</Filter>
    </ClInclude>
    <ClInclude Include="src\engine\controllers\MissionController.h">
      <Filter>Header Files</Filter>
    </ClInclude>
    <ClInclude Include="src\engine\controllers\TOTDController.h">
      <Filter>Header Files</Filter>
    </ClInclude>
    <ClInclude Include="src\menu\PCConnectMenu.h">
      <Filter>Header Files</Filter>
    </ClInclude>
  </ItemGroup>
</Project>